
Microsoft Visual Studio Solution File, Format Version 12.00
# Visual Studio Version 17
VisualStudioVersion = 17.14.36616.10 d17.14
MinimumVisualStudioVersion = 10.0.40219.1
Project("{FAE04EC0-301F-11D3-BF4B-00C04F79EFBC}") = "macanHuesos", "macanHuesos\macanHuesos.csproj", "{55BE381E-FD6F-4465-B376-966A95F79958}"
EndProject
Global
	GlobalSection(SolutionConfigurationPlatforms) = preSolution
		Debug|Any CPU = Debug|Any CPU
		Release|Any CPU = Release|Any CPU
	EndGlobalSection
	GlobalSection(ProjectConfigurationPlatforms) = postSolution
		{55BE381E-FD6F-4465-B376-966A95F79958}.Debug|Any CPU.ActiveCfg = Debug|Any CPU
		{55BE381E-FD6F-4465-B376-966A95F79958}.Debug|Any CPU.Build.0 = Debug|Any CPU
		{55BE381E-FD6F-4465-B376-966A95F79958}.Release|Any CPU.ActiveCfg = Release|Any CPU
		{55BE381E-FD6F-4465-B376-966A95F79958}.Release|Any CPU.Build.0 = Release|Any CPU
	EndGlobalSection
	GlobalSection(SolutionProperties) = preSolution
		HideSolutionNode = FALSE
	EndGlobalSection
	GlobalSection(ExtensibilityGlobals) = postSolution
		SolutionGuid = {BB8AE905-589B-4593-93D5-C0292AE24DB6}
	EndGlobalSection
EndGlobal
